
Microsoft Visual Studio Solution File, Format Version 12.00
# Visual Studio Version 17
VisualStudioVersion = 17.1.32319.34
MinimumVisualStudioVersion = 10.0.40219.1
Project("{9A19103F-16F7-4668-BE54-9A1E7A4F7556}") = "VRentalsRESTAPI", "VRentalsRESTAPI\VRentalsRESTAPI.csproj", "{4A69F6DD-7565-45B3-A7DB-5386220EAF0D}"
EndProject
Project("{9A19103F-16F7-4668-BE54-9A1E7A4F7556}") = "VRentalsClasses", "VRentalsClasses\VRentalsClasses.csproj", "{C81BB48F-54E4-4080-8908-A8628D228E22}"
EndProject
Global
	GlobalSection(SolutionConfigurationPlatforms) = preSolution
		Debug|Any CPU = Debug|Any CPU
		Release|Any CPU = Release|Any CPU
	EndGlobalSection
	GlobalSection(ProjectConfigurationPlatforms) = postSolution
		{4A69F6DD-7565-45B3-A7DB-5386220EAF0D}.Debug|Any CPU.ActiveCfg = Debug|Any CPU
		{4A69F6DD-7565-45B3-A7DB-5386220EAF0D}.Debug|Any CPU.Build.0 = Debug|Any CPU
		{4A69F6DD-7565-45B3-A7DB-5386220EAF0D}.Release|Any CPU.ActiveCfg = Release|Any CPU
		{4A69F6DD-7565-45B3-A7DB-5386220EAF0D}.Release|Any CPU.Build.0 = Release|Any CPU
		{C81BB48F-54E4-4080-8908-A8628D228E22}.Debug|Any CPU.ActiveCfg = Debug|Any CPU
		{C81BB48F-54E4-4080-8908-A8628D228E22}.Debug|Any CPU.Build.0 = Debug|Any CPU
		{C81BB48F-54E4-4080-8908-A8628D228E22}.Release|Any CPU.ActiveCfg = Release|Any CPU
		{C81BB48F-54E4-4080-8908-A8628D228E22}.Release|Any CPU.Build.0 = Release|Any CPU
	EndGlobalSection
	GlobalSection(SolutionProperties) = preSolution
		HideSolutionNode = FALSE
	EndGlobalSection
	GlobalSection(ExtensibilityGlobals) = postSolution
		SolutionGuid = {AD05C0F3-CE93-4CFA-A7FA-CA432DB03618}
	EndGlobalSection
EndGlobal
